// !$*UTF8*$!
{
	archiveVersion = 1;
	classes = {
	};
	objectVersion = 56;
	objects = {

/* Begin PBXBuildFile section */
		7A0D2D442B10A0CE00FE8AE7 /* Fleet_SwiftUI_TutorialApp.swift in Sources */ = {isa = PBXBuildFile; fileRef = 7A0D2D432B10A0CE00FE8AE7 /* Fleet_SwiftUI_TutorialApp.swift */; };
		7A0D2D462B10A0CE00FE8AE7 /* ContentView.swift in Sources */ = {isa = PBXBuildFile; fileRef = 7A0D2D452B10A0CE00FE8AE7 /* ContentView.swift */; };
		7A0D2D482B10A0CF00FE8AE7 /* Assets.xcassets in Resources */ = {isa = PBXBuildFile; fileRef = 7A0D2D472B10A0CF00FE8AE7 /* Assets.xcassets */; };
		7A0D2D4B2B10A0CF00FE8AE7 /* Preview Assets.xcassets in Resources */ = {isa = PBXBuildFile; fileRef = 7A0D2D4A2B10A0CF00FE8AE7 /* Preview Assets.xcassets */; };
/* End PBXBuildFile section */

/* Begin PBXFileReference section */
		7A0D2D402B10A0CE00FE8AE7 /* Fleet SwiftUI Tutorial.app */ = {isa = PBXFileReference; explicitFileType = wrapper.application; includeInIndex = 0; path = "Fleet SwiftUI Tutorial.app"; sourceTree = BUILT_PRODUCTS_DIR; };
		7A0D2D432B10A0CE00FE8AE7 /* Fleet_SwiftUI_TutorialApp.swift */ = {isa = PBXFileReference; lastKnownFileType = sourcecode.swift; path = Fleet_SwiftUI_TutorialApp.swift; sourceTree = "<group>"; };
		7A0D2D452B10A0CE00FE8AE7 /* ContentView.swift */ = {isa = PBXFileReference; lastKnownFileType = sourcecode.swift; path = ContentView.swift; sourceTree = "<group>"; };
		7A0D2D472B10A0CF00FE8AE7 /* Assets.xcassets */ = {isa = PBXFileReference; lastKnownFileType = folder.assetcatalog; path = Assets.xcassets; sourceTree = "<group>"; };
		7A0D2D4A2B10A0CF00FE8AE7 /* Preview Assets.xcassets */ = {isa = PBXFileReference; lastKnownFileType = folder.assetcatalog; path = "Preview Assets.xcassets"; sourceTree = "<group>"; };
/* End PBXFileReference section */

/* Begin PBXFrameworksBuildPhase section */
		7A0D2D3D2B10A0CE00FE8AE7 /* Frameworks */ = {
			isa = PBXFrameworksBuildPhase;
			buildActionMask = 2147483647;
			files = (
			);
			runOnlyForDeploymentPostprocessing = 0;
		};
/* End PBXFrameworksBuildPhase section */

/* Begin PBXGroup section */
		7A0D2D372B10A0CE00FE8AE7 = {
			isa = PBXGroup;
			children = (
				7A0D2D422B10A0CE00FE8AE7 /* Fleet SwiftUI Tutorial */,
				7A0D2D412B10A0CE00FE8AE7 /* Products */,
				C8D7AD1A6629D6DC5A3110BC /* xcuserdata */,
				C8D7A954B68C418C6C5EBDB4 /* .fleet */,
				C8D7A2D4187A6F091A8EFB01 /* swiftpm */,
			);
			sourceTree = "<group>";
		};
		7A0D2D412B10A0CE00FE8AE7 /* Products */ = {
			isa = PBXGroup;
			children = (
				7A0D2D402B10A0CE00FE8AE7 /* Fleet SwiftUI Tutorial.app */,
			);
			name = Products;
			sourceTree = "<group>";
		};
		7A0D2D422B10A0CE00FE8AE7 /* Fleet SwiftUI Tutorial */ = {
			isa = PBXGroup;
			children = (
				7A0D2D432B10A0CE00FE8AE7 /* Fleet_SwiftUI_TutorialApp.swift */,
				7A0D2D452B10A0CE00FE8AE7 /* ContentView.swift */,
				7A0D2D472B10A0CF00FE8AE7 /* Assets.xcassets */,
				7A0D2D492B10A0CF00FE8AE7 /* Preview Content */,
			);
			path = "Fleet SwiftUI Tutorial";
			sourceTree = "<group>";
		};
		7A0D2D492B10A0CF00FE8AE7 /* Preview Content */ = {
			isa = PBXGroup;
			children = (
				7A0D2D4A2B10A0CF00FE8AE7 /* Preview Assets.xcassets */,
			);
			path = "Preview Content";
			sourceTree = "<group>";
		};
		C8D7A2D4187A6F091A8EFB01 /* swiftpm */ = {
			isa = PBXGroup;
			children = (
				C8D7AB7474C06ACE35019820 /* configuration */,
			);
			name = swiftpm;
			path = "Fleet SwiftUI Tutorial.xcodeproj/project.xcworkspace/xcshareddata/swiftpm";
			sourceTree = "<group>";
		};
		C8D7A954B68C418C6C5EBDB4 /* .fleet */ = {
			isa = PBXGroup;
			children = (
			);
			path = .fleet;
			sourceTree = "<group>";
		};
		C8D7AB47D36F66EFA42CA768 /* xcschemes */ = {
			isa = PBXGroup;
			children = (
			);
			path = xcschemes;
			sourceTree = "<group>";
		};
		C8D7AB7474C06ACE35019820 /* configuration */ = {
			isa = PBXGroup;
			children = (
			);
			path = configuration;
			sourceTree = "<group>";
		};
		C8D7AD1A6629D6DC5A3110BC /* xcuserdata */ = {
			isa = PBXGroup;
			children = (
				C8D7AEAB7AA9DD2E9886E547 /* romain.xcuserdatad */,
			);
			name = xcuserdata;
			path = "Fleet SwiftUI Tutorial.xcodeproj/project.xcworkspace/xcuserdata";
			sourceTree = "<group>";
		};
		C8D7AEAB7AA9DD2E9886E547 /* romain.xcuserdatad */ = {
			isa = PBXGroup;
			children = (
				C8D7AB47D36F66EFA42CA768 /* xcschemes */,
			);
			path = romain.xcuserdatad;
			sourceTree = "<group>";
		};
/* End PBXGroup section */

/* Begin PBXNativeTarget section */
		7A0D2D3F2B10A0CE00FE8AE7 /* Fleet SwiftUI Tutorial */ = {
			isa = PBXNativeTarget;
			buildConfigurationList = 7A0D2D4E2B10A0CF00FE8AE7 /* Build configuration list for PBXNativeTarget "Fleet SwiftUI Tutorial" */;
			buildPhases = (
				7A0D2D3C2B10A0CE00FE8AE7 /* Sources */,
				7A0D2D3D2B10A0CE00FE8AE7 /* Frameworks */,
				7A0D2D3E2B10A0CE00FE8AE7 /* Resources */,
			);
			buildRules = (
			);
			dependencies = (
			);
			name = "Fleet SwiftUI Tutorial";
			productName = "Fleet SwiftUI Tutorial";
			productReference = 7A0D2D402B10A0CE00FE8AE7 /* Fleet SwiftUI Tutorial.app */;
			productType = "com.apple.product-type.application";
		};
/* End PBXNativeTarget section */

/* Begin PBXProject section */
		7A0D2D382B10A0CE00FE8AE7 /* Project object */ = {
			isa = PBXProject;
			attributes = {
				BuildIndependentTargetsInParallel = 1;
				LastSwiftUpdateCheck = 1500;
				LastUpgradeCheck = 1500;
				TargetAttributes = {
					7A0D2D3F2B10A0CE00FE8AE7 = {
						CreatedOnToolsVersion = 15.0;
					};
				};
			};
			buildConfigurationList = 7A0D2D3B2B10A0CE00FE8AE7 /* Build configuration list for PBXProject "Fleet SwiftUI Tutorial" */;
			compatibilityVersion = "Xcode 14.0";
			developmentRegion = en;
			hasScannedForEncodings = 0;
			knownRegions = (
				en,
				Base,
			);
			mainGroup = 7A0D2D372B10A0CE00FE8AE7;
			productRefGroup = 7A0D2D412B10A0CE00FE8AE7 /* Products */;
			projectDirPath = "";
			projectRoot = "";
			targets = (
				7A0D2D3F2B10A0CE00FE8AE7 /* Fleet SwiftUI Tutorial */,
			);
		};
/* End PBXProject section */

/* Begin PBXResourcesBuildPhase section */
		7A0D2D3E2B10A0CE00FE8AE7 /* Resources */ = {
			isa = PBXResourcesBuildPhase;
			buildActionMask = 2147483647;
			files = (
				7A0D2D4B2B10A0CF00FE8AE7 /* Preview Assets.xcassets in Resources */,
				7A0D2D482B10A0CF00FE8AE7 /* Assets.xcassets in Resources */,
			);
			runOnlyForDeploymentPostprocessing = 0;
		};
/* End PBXResourcesBuildPhase section */

/* Begin PBXSourcesBuildPhase section */
		7A0D2D3C2B10A0CE00FE8AE7 /* Sources */ = {
			isa = PBXSourcesBuildPhase;
			buildActionMask = 2147483647;
			files = (
				7A0D2D462B10A0CE00FE8AE7 /* ContentView.swift in Sources */,
				7A0D2D442B10A0CE00FE8AE7 /* Fleet_SwiftUI_TutorialApp.swift in Sources */,
			);
			runOnlyForDeploymentPostprocessing = 0;
		};
/* End PBXSourcesBuildPhase section */

/* Begin XCBuildConfiguration section */
		7A0D2D4C2B10A0CF00FE8AE7 /* Debug */ = {
			isa = XCBuildConfiguration;
			buildSettings = {
				ALWAYS_SEARCH_USER_PATHS = NO;
				ASSETCATALOG_COMPILER_GENERATE_SWIFT_ASSET_SYMBOL_EXTENSIONS = YES;
				CLANG_ANALYZER_NONNULL = YES;
				CLANG_ANALYZER_NUMBER_OBJECT_CONVERSION = YES_AGGRESSIVE;
				CLANG_CXX_LANGUAGE_STANDARD = "gnu++20";
				CLANG_ENABLE_MODULES = YES;
				CLANG_ENABLE_OBJC_ARC = YES;
				CLANG_ENABLE_OBJC_WEAK = YES;
				CLANG_WARN_BLOCK_CAPTURE_AUTORELEASING = YES;
				CLANG_WARN_BOOL_CONVERSION = YES;
				CLANG_WARN_COMMA = YES;
				CLANG_WARN_CONSTANT_CONVERSION = YES;
				CLANG_WARN_DEPRECATED_OBJC_IMPLEMENTATIONS = YES;
				CLANG_WARN_DIRECT_OBJC_ISA_USAGE = YES_ERROR;
				CLANG_WARN_DOCUMENTATION_COMMENTS = YES;
				CLANG_WARN_EMPTY_BODY = YES;
				CLANG_WARN_ENUM_CONVERSION = YES;
				CLANG_WARN_INFINITE_RECURSION = YES;
				CLANG_WARN_INT_CONVERSION = YES;
				CLANG_WARN_NON_LITERAL_NULL_CONVERSION = YES;
				CLANG_WARN_OBJC_IMPLICIT_RETAIN_SELF = YES;
				CLANG_WARN_OBJC_LITERAL_CONVERSION = YES;
				CLANG_WARN_OBJC_ROOT_CLASS = YES_ERROR;
				CLANG_WARN_QUOTED_INCLUDE_IN_FRAMEWORK_HEADER = YES;
				CLANG_WARN_RANGE_LOOP_ANALYSIS = YES;
				CLANG_WARN_STRICT_PROTOTYPES = YES;
				CLANG_WARN_SUSPICIOUS_MOVE = YES;
				CLANG_WARN_UNGUARDED_AVAILABILITY = YES_AGGRESSIVE;
				CLANG_WARN_UNREACHABLE_CODE = YES;
				CLANG_WARN__DUPLICATE_METHOD_MATCH = YES;
				COPY_PHASE_STRIP = NO;
				DEBUG_INFORMATION_FORMAT = dwarf;
				ENABLE_STRICT_OBJC_MSGSEND = YES;
				ENABLE_TESTABILITY = YES;
				ENABLE_USER_SCRIPT_SANDBOXING = YES;
				GCC_C_LANGUAGE_STANDARD = gnu17;
				GCC_DYNAMIC_NO_PIC = NO;
				GCC_NO_COMMON_BLOCKS = YES;
				GCC_OPTIMIZATION_LEVEL = 0;
				GCC_PREPROCESSOR_DEFINITIONS = (
					"DEBUG=1",
					"$(inherited)",
				);
				GCC_WARN_64_TO_32_BIT_CONVERSION = YES;
				GCC_WARN_ABOUT_RETURN_TYPE = YES_ERROR;
				GCC_WARN_UNDECLARED_SELECTOR = YES;
				GCC_WARN_UNINITIALIZED_AUTOS = YES_AGGRESSIVE;
				GCC_WARN_UNUSED_FUNCTION = YES;
				GCC_WARN_UNUSED_VARIABLE = YES;
				IPHONEOS_DEPLOYMENT_TARGET = 17.0;
				LOCALIZATION_PREFERS_STRING_CATALOGS = YES;
				MTL_ENABLE_DEBUG_INFO = INCLUDE_SOURCE;
				MTL_FAST_MATH = YES;
				ONLY_ACTIVE_ARCH = YES;
				SDKROOT = iphoneos;
				SWIFT_ACTIVE_COMPILATION_CONDITIONS = "DEBUG $(inherited)";
				SWIFT_OPTIMIZATION_LEVEL = "-Onone";
			};
			name = Debug;
		};
		7A0D2D4D2B10A0CF00FE8AE7 /* Release */ = {
			isa = XCBuildConfiguration;
			buildSettings = {
				ALWAYS_SEARCH_USER_PATHS = NO;
				ASSETCATALOG_COMPILER_GENERATE_SWIFT_ASSET_SYMBOL_EXTENSIONS = YES;
				CLANG_ANALYZER_NONNULL = YES;
				CLANG_ANALYZER_NUMBER_OBJECT_CONVERSION = YES_AGGRESSIVE;
				CLANG_CXX_LANGUAGE_STANDARD = "gnu++20";
				CLANG_ENABLE_MODULES = YES;
				CLANG_ENABLE_OBJC_ARC = YES;
				CLANG_ENABLE_OBJC_WEAK = YES;
				CLANG_WARN_BLOCK_CAPTURE_AUTORELEASING = YES;
				CLANG_WARN_BOOL_CONVERSION = YES;
				CLANG_WARN_COMMA = YES;
				CLANG_WARN_CONSTANT_CONVERSION = YES;
				CLANG_WARN_DEPRECATED_OBJC_IMPLEMENTATIONS = YES;
				CLANG_WARN_DIRECT_OBJC_ISA_USAGE = YES_ERROR;
				CLANG_WARN_DOCUMENTATION_COMMENTS = YES;
				CLANG_WARN_EMPTY_BODY = YES;
				CLANG_WARN_ENUM_CONVERSION = YES;
				CLANG_WARN_INFINITE_RECURSION = YES;
				CLANG_WARN_INT_CONVERSION = YES;
				CLANG_WARN_NON_LITERAL_NULL_CONVERSION = YES;
				CLANG_WARN_OBJC_IMPLICIT_RETAIN_SELF = YES;
				CLANG_WARN_OBJC_LITERAL_CONVERSION = YES;
				CLANG_WARN_OBJC_ROOT_CLASS = YES_ERROR;
				CLANG_WARN_QUOTED_INCLUDE_IN_FRAMEWORK_HEADER = YES;
				CLANG_WARN_RANGE_LOOP_ANALYSIS = YES;
				CLANG_WARN_STRICT_PROTOTYPES = YES;
				CLANG_WARN_SUSPICIOUS_MOVE = YES;
				CLANG_WARN_UNGUARDED_AVAILABILITY = YES_AGGRESSIVE;
				CLANG_WARN_UNREACHABLE_CODE = YES;
				CLANG_WARN__DUPLICATE_METHOD_MATCH = YES;
				COPY_PHASE_STRIP = NO;
				DEBUG_INFORMATION_FORMAT = "dwarf-with-dsym";
				ENABLE_NS_ASSERTIONS = NO;
				ENABLE_STRICT_OBJC_MSGSEND = YES;
				ENABLE_USER_SCRIPT_SANDBOXING = YES;
				GCC_C_LANGUAGE_STANDARD = gnu17;
				GCC_NO_COMMON_BLOCKS = YES;
				GCC_WARN_64_TO_32_BIT_CONVERSION = YES;
				GCC_WARN_ABOUT_RETURN_TYPE = YES_ERROR;
				GCC_WARN_UNDECLARED_SELECTOR = YES;
				GCC_WARN_UNINITIALIZED_AUTOS = YES_AGGRESSIVE;
				GCC_WARN_UNUSED_FUNCTION = YES;
				GCC_WARN_UNUSED_VARIABLE = YES;
				IPHONEOS_DEPLOYMENT_TARGET = 17.0;
				LOCALIZATION_PREFERS_STRING_CATALOGS = YES;
				MTL_ENABLE_DEBUG_INFO = NO;
				MTL_FAST_MATH = YES;
				SDKROOT = iphoneos;
				SWIFT_COMPILATION_MODE = wholemodule;
				VALIDATE_PRODUCT = YES;
			};
			name = Release;
		};
		7A0D2D4F2B10A0CF00FE8AE7 /* Debug */ = {
			isa = XCBuildConfiguration;
			buildSettings = {
				ASSETCATALOG_COMPILER_APPICON_NAME = AppIcon;
				ASSETCATALOG_COMPILER_GLOBAL_ACCENT_COLOR_NAME = AccentColor;
				CODE_SIGN_IDENTITY = "Apple Development";
				CODE_SIGN_STYLE = Automatic;
				CURRENT_PROJECT_VERSION = 1;
				DEVELOPMENT_ASSET_PATHS = "\"Fleet SwiftUI Tutorial/Preview Content\"";
				DEVELOPMENT_TEAM = "";
				ENABLE_PREVIEWS = YES;
				GENERATE_INFOPLIST_FILE = YES;
				INFOPLIST_KEY_UIApplicationSceneManifest_Generation = YES;
				INFOPLIST_KEY_UIApplicationSupportsIndirectInputEvents = YES;
				INFOPLIST_KEY_UILaunchScreen_Generation = YES;
				INFOPLIST_KEY_UISupportedInterfaceOrientations_iPad = "UIInterfaceOrientationPortrait UIInterfaceOrientationPortraitUpsideDown UIInterfaceOrientationLandscapeLeft UIInterfaceOrientationLandscapeRight";
				INFOPLIST_KEY_UISupportedInterfaceOrientations_iPhone = "UIInterfaceOrientationPortrait UIInterfaceOrientationLandscapeLeft UIInterfaceOrientationLandscapeRight";
				LD_RUNPATH_SEARCH_PATHS = (
					"$(inherited)",
					"@executable_path/Frameworks",
				);
				MARKETING_VERSION = 1.0;
				PRODUCT_BUNDLE_IDENTIFIER = "org.kodein.ios.Fleet-SwiftUI-Tutorial";
				PRODUCT_NAME = "$(TARGET_NAME)";
				PROVISIONING_PROFILE_SPECIFIER = "";
				SWIFT_EMIT_LOC_STRINGS = YES;
				SWIFT_VERSION = 5.0;
				TARGETED_DEVICE_FAMILY = "1,2";
			};
			name = Debug;
		};
		7A0D2D502B10A0CF00FE8AE7 /* Release */ = {
			isa = XCBuildConfiguration;
			buildSettings = {
				ASSETCATALOG_COMPILER_APPICON_NAME = AppIcon;
				ASSETCATALOG_COMPILER_GLOBAL_ACCENT_COLOR_NAME = AccentColor;
				CODE_SIGN_IDENTITY = "Apple Development";
				CODE_SIGN_STYLE = Automatic;
				CURRENT_PROJECT_VERSION = 1;
				DEVELOPMENT_ASSET_PATHS = "\"Fleet SwiftUI Tutorial/Preview Content\"";
				DEVELOPMENT_TEAM = "";
				ENABLE_PREVIEWS = YES;
				GENERATE_INFOPLIST_FILE = YES;
				INFOPLIST_KEY_UIApplicationSceneManifest_Generation = YES;
				INFOPLIST_KEY_UIApplicationSupportsIndirectInputEvents = YES;
				INFOPLIST_KEY_UILaunchScreen_Generation = YES;
				INFOPLIST_KEY_UISupportedInterfaceOrientations_iPad = "UIInterfaceOrientationPortrait UIInterfaceOrientationPortraitUpsideDown UIInterfaceOrientationLandscapeLeft UIInterfaceOrientationLandscapeRight";
				INFOPLIST_KEY_UISupportedInterfaceOrientations_iPhone = "UIInterfaceOrientationPortrait UIInterfaceOrientationLandscapeLeft UIInterfaceOrientationLandscapeRight";
				LD_RUNPATH_SEARCH_PATHS = (
					"$(inherited)",
					"@executable_path/Frameworks",
				);
				MARKETING_VERSION = 1.0;
				PRODUCT_BUNDLE_IDENTIFIER = "org.kodein.ios.Fleet-SwiftUI-Tutorial";
				PRODUCT_NAME = "$(TARGET_NAME)";
				PROVISIONING_PROFILE_SPECIFIER = "";
				SWIFT_EMIT_LOC_STRINGS = YES;
				SWIFT_VERSION = 5.0;
				TARGETED_DEVICE_FAMILY = "1,2";
			};
			name = Release;
		};
/* End XCBuildConfiguration section */

/* Begin XCConfigurationList section */
		7A0D2D3B2B10A0CE00FE8AE7 /* Build configuration list for PBXProject "Fleet SwiftUI Tutorial" */ = {
			isa = XCConfigurationList;
			buildConfigurations = (
				7A0D2D4C2B10A0CF00FE8AE7 /* Debug */,
				7A0D2D4D2B10A0CF00FE8AE7 /* Release */,
			);
			defaultConfigurationIsVisible = 0;
			defaultConfigurationName = Release;
		};
		7A0D2D4E2B10A0CF00FE8AE7 /* Build configuration list for PBXNativeTarget "Fleet SwiftUI Tutorial" */ = {
			isa = XCConfigurationList;
			buildConfigurations = (
				7A0D2D4F2B10A0CF00FE8AE7 /* Debug */,
				7A0D2D502B10A0CF00FE8AE7 /* Release */,
			);
			defaultConfigurationIsVisible = 0;
			defaultConfigurationName = Release;
		};
/* End XCConfigurationList section */
	};
	rootObject = 7A0D2D382B10A0CE00FE8AE7 /* Project object */;
}
