<?xml version="1.0" encoding="UTF-8"?>
<Scheme
   version = "1.3">
   <BuildAction>
      <BuildActionEntries>
         <BuildActionEntry
            buildForRunning = "YES">
            <BuildableReference
               BuildableIdentifier = "primary"
               BlueprintIdentifier = "7A0D2D3F2B10A0CE00FE8AE7"
               BuildableName = "Fleet SwiftUI Tutorial.app"
               BlueprintName = "Fleet SwiftUI Tutorial"
               ReferencedContainer = "container:Fleet SwiftUI Tutorial.xcodeproj">
            </BuildableReference>
         </BuildActionEntry>
      </BuildActionEntries>
   </BuildAction>
   <LaunchAction
      useCustomWorkingDirectory = "YES"
      customWorkingDirectory = "/Users/romain/workspace/code/playgrounds/playground-fleet-swiftui"
      buildConfiguration = "Debug"
      allowLocationSimulation = "YES">
      <BuildableProductRunnable>
         <BuildableReference
            BuildableIdentifier = "primary"
            BlueprintIdentifier = "7A0D2D3F2B10A0CE00FE8AE7"
            BuildableName = "Fleet SwiftUI Tutorial.app"
            BlueprintName = "Fleet SwiftUI Tutorial"
            ReferencedContainer = "container:Fleet SwiftUI Tutorial.xcodeproj">
         </BuildableReference>
      </BuildableProductRunnable>
   </LaunchAction>
</Scheme>
